
Microsoft Visual Studio Solution File, Format Version 12.00
# Visual Studio 15
VisualStudioVersion = 15.0.27428.2043
MinimumVisualStudioVersion = 10.0.40219.1
Project("{8BC9CEB8-8B4A-11D0-8D11-00A0C91BC942}") = "AssemblyConfigurator", "AssemblyConfigurator\AssemblyConfigurator.vcxproj", "{FCA5D566-61C4-4493-B6B8-8C3BA752844C}"
EndProject
Global
	GlobalSection(SolutionConfigurationPlatforms) = preSolution
		Debug|x64 = Debug|x64
		Debug|x86 = Debug|x86
		Release|x64 = Release|x64
		Release|x86 = Release|x86
	EndGlobalSection
	GlobalSection(ProjectConfigurationPlatforms) = postSolution
		{FCA5D566-61C4-4493-B6B8-8C3BA752844C}.Debug|x64.ActiveCfg = Debug|x64
		{FCA5D566-61C4-4493-B6B8-8C3BA752844C}.Debug|x64.Build.0 = Debug|x64
		{FCA5D566-61C4-4493-B6B8-8C3BA752844C}.Debug|x86.ActiveCfg = Debug|Win32
		{FCA5D566-61C4-4493-B6B8-8C3BA752844C}.Debug|x86.Build.0 = Debug|Win32
		{FCA5D566-61C4-4493-B6B8-8C3BA752844C}.Release|x64.ActiveCfg = Release|x64
		{FCA5D566-61C4-4493-B6B8-8C3BA752844C}.Release|x64.Build.0 = Release|x64
		{FCA5D566-61C4-4493-B6B8-8C3BA752844C}.Release|x86.ActiveCfg = Release|Win32
		{FCA5D566-61C4-4493-B6B8-8C3BA752844C}.Release|x86.Build.0 = Release|Win32
	EndGlobalSection
	GlobalSection(SolutionProperties) = preSolution
		HideSolutionNode = FALSE
	EndGlobalSection
	GlobalSection(ExtensibilityGlobals) = postSolution
		SolutionGuid = {A901EEEC-2DD7-47BB-AD85-FB64DEB10E56}
	EndGlobalSection
EndGlobal
